// !$*UTF8*$!
{
	archiveVersion = 1;
	classes = {
	};
	objectVersion = 46;
	objects = {

/* Begin PBXBuildFile section */
		2D2821911DE65FFD00C35BA9 /* AppDelegate.swift in Sources */ = {isa = PBXBuildFile; fileRef = 2D2821901DE65FFD00C35BA9 /* AppDelegate.swift */; };
		2D2821931DE65FFD00C35BA9 /* ViewController.swift in Sources */ = {isa = PBXBuildFile; fileRef = 2D2821921DE65FFD00C35BA9 /* ViewController.swift */; };
		2D2821961DE65FFD00C35BA9 /* Main.storyboard in Resources */ = {isa = PBXBuildFile; fileRef = 2D2821941DE65FFD00C35BA9 /* Main.storyboard */; };
		2D2821981DE65FFD00C35BA9 /* Assets.xcassets in Resources */ = {isa = PBXBuildFile; fileRef = 2D2821971DE65FFD00C35BA9 /* Assets.xcassets */; };
		2D28219B1DE65FFD00C35BA9 /* LaunchScreen.storyboard in Resources */ = {isa = PBXBuildFile; fileRef = 2D2821991DE65FFD00C35BA9 /* LaunchScreen.storyboard */; };
/* End PBXBuildFile section */

/* Begin PBXFileReference section */
		2D28218D1DE65FFD00C35BA9 /* BoardingPass.app */ = {isa = PBXFileReference; explicitFileType = wrapper.application; includeInIndex = 0; path = BoardingPass.app; sourceTree = BUILT_PRODUCTS_DIR; };
		2D2821901DE65FFD00C35BA9 /* AppDelegate.swift */ = {isa = PBXFileReference; lastKnownFileType = sourcecode.swift; path = AppDelegate.swift; sourceTree = "<group>"; };
		2D2821921DE65FFD00C35BA9 /* ViewController.swift */ = {isa = PBXFileReference; lastKnownFileType = sourcecode.swift; path = ViewController.swift; sourceTree = "<group>"; };
		2D2821951DE65FFD00C35BA9 /* Base */ = {isa = PBXFileReference; lastKnownFileType = file.storyboard; name = Base; path = Base.lproj/Main.storyboard; sourceTree = "<group>"; };
		2D2821971DE65FFD00C35BA9 /* Assets.xcassets */ = {isa = PBXFileReference; lastKnownFileType = folder.assetcatalog; path = Assets.xcassets; sourceTree = "<group>"; };
		2D28219A1DE65FFD00C35BA9 /* Base */ = {isa = PBXFileReference; lastKnownFileType = file.storyboard; name = Base; path = Base.lproj/LaunchScreen.storyboard; sourceTree = "<group>"; };
		2D28219C1DE65FFD00C35BA9 /* Info.plist */ = {isa = PBXFileReference; lastKnownFileType = text.plist.xml; path = Info.plist; sourceTree = "<group>"; };
/* End PBXFileReference section */

/* Begin PBXFrameworksBuildPhase section */
		2D28218A1DE65FFD00C35BA9 /* Frameworks */ = {
			isa = PBXFrameworksBuildPhase;
			buildActionMask = 2147483647;
			files = (
			);
			runOnlyForDeploymentPostprocessing = 0;
		};
/* End PBXFrameworksBuildPhase section */

/* Begin PBXGroup section */
		2D2821841DE65FFD00C35BA9 = {
			isa = PBXGroup;
			children = (
				2D28218F1DE65FFD00C35BA9 /* BoardingPass */,
				2D28218E1DE65FFD00C35BA9 /* Products */,
			);
			sourceTree = "<group>";
		};
		2D28218E1DE65FFD00C35BA9 /* Products */ = {
			isa = PBXGroup;
			children = (
				2D28218D1DE65FFD00C35BA9 /* BoardingPass.app */,
			);
			name = Products;
			sourceTree = "<group>";
		};
		2D28218F1DE65FFD00C35BA9 /* BoardingPass */ = {
			isa = PBXGroup;
			children = (
				2D2821901DE65FFD00C35BA9 /* AppDelegate.swift */,
				2D2821921DE65FFD00C35BA9 /* ViewController.swift */,
				2D2821941DE65FFD00C35BA9 /* Main.storyboard */,
				2D2821971DE65FFD00C35BA9 /* Assets.xcassets */,
				2D2821991DE65FFD00C35BA9 /* LaunchScreen.storyboard */,
				2D28219C1DE65FFD00C35BA9 /* Info.plist */,
			);
			path = BoardingPass;
			sourceTree = "<group>";
		};
/* End PBXGroup section */

/* Begin PBXNativeTarget section */
		2D28218C1DE65FFD00C35BA9 /* BoardingPass */ = {
			isa = PBXNativeTarget;
			buildConfigurationList = 2D28219F1DE65FFD00C35BA9 /* Build configuration list for PBXNativeTarget "BoardingPass" */;
			buildPhases = (
				2D2821891DE65FFD00C35BA9 /* Sources */,
				2D28218A1DE65FFD00C35BA9 /* Frameworks */,
				2D28218B1DE65FFD00C35BA9 /* Resources */,
			);
			buildRules = (
			);
			dependencies = (
			);
			name = BoardingPass;
			productName = BoardingPass;
			productReference = 2D28218D1DE65FFD00C35BA9 /* BoardingPass.app */;
			productType = "com.apple.product-type.application";
		};
/* End PBXNativeTarget section */

/* Begin PBXProject section */
		2D2821851DE65FFD00C35BA9 /* Project object */ = {
			isa = PBXProject;
			attributes = {
				LastSwiftUpdateCheck = 0810;
				LastUpgradeCheck = 0810;
				ORGANIZATIONNAME = Cris;
				TargetAttributes = {
					2D28218C1DE65FFD00C35BA9 = {
						CreatedOnToolsVersion = 8.1;
						DevelopmentTeam = BAQHSM59S2;
						ProvisioningStyle = Automatic;
					};
				};
			};
			buildConfigurationList = 2D2821881DE65FFD00C35BA9 /* Build configuration list for PBXProject "BoardingPass" */;
			compatibilityVersion = "Xcode 3.2";
			developmentRegion = English;
			hasScannedForEncodings = 0;
			knownRegions = (
				en,
				Base,
			);
			mainGroup = 2D2821841DE65FFD00C35BA9;
			productRefGroup = 2D28218E1DE65FFD00C35BA9 /* Products */;
			projectDirPath = "";
			projectRoot = "";
			targets = (
				2D28218C1DE65FFD00C35BA9 /* BoardingPass */,
			);
		};
/* End PBXProject section */

/* Begin PBXResourcesBuildPhase section */
		2D28218B1DE65FFD00C35BA9 /* Resources */ = {
			isa = PBXResourcesBuildPhase;
			buildActionMask = 2147483647;
			files = (
				2D28219B1DE65FFD00C35BA9 /* LaunchScreen.storyboard in Resources */,
				2D2821981DE65FFD00C35BA9 /* Assets.xcassets in Resources */,
				2D2821961DE65FFD00C35BA9 /* Main.storyboard in Resources */,
			);
			runOnlyForDeploymentPostprocessing = 0;
		};
/* End PBXResourcesBuildPhase section */

/* Begin PBXSourcesBuildPhase section */
		2D2821891DE65FFD00C35BA9 /* Sources */ = {
			isa = PBXSourcesBuildPhase;
			buildActionMask = 2147483647;
			files = (
				2D2821931DE65FFD00C35BA9 /* ViewController.swift in Sources */,
				2D2821911DE65FFD00C35BA9 /* AppDelegate.swift in Sources */,
			);
			runOnlyForDeploymentPostprocessing = 0;
		};
/* End PBXSourcesBuildPhase section */

/* Begin PBXVariantGroup section */
		2D2821941DE65FFD00C35BA9 /* Main.storyboard */ = {
			isa = PBXVariantGroup;
			children = (
				2D2821951DE65FFD00C35BA9 /* Base */,
			);
			name = Main.storyboard;
			sourceTree = "<group>";
		};
		2D2821991DE65FFD00C35BA9 /* LaunchScreen.storyboard */ = {
			isa = PBXVariantGroup;
			children = (
				2D28219A1DE65FFD00C35BA9 /* Base */,
			);
			name = LaunchScreen.storyboard;
			sourceTree = "<group>";
		};
/* End PBXVariantGroup section */

/* Begin XCBuildConfiguration section */
		2D28219D1DE65FFD00C35BA9 /* Debug */ = {
			isa = XCBuildConfiguration;
			buildSettings = {
				ALWAYS_SEARCH_USER_PATHS = NO;
				CLANG_ANALYZER_NONNULL = YES;
				CLANG_CXX_LANGUAGE_STANDARD = "gnu++0x";
				CLANG_CXX_LIBRARY = "libc++";
				CLANG_ENABLE_MODULES = YES;
				CLANG_ENABLE_OBJC_ARC = YES;
				CLANG_WARN_BOOL_CONVERSION = YES;
				CLANG_WARN_CONSTANT_CONVERSION = YES;
				CLANG_WARN_DIRECT_OBJC_ISA_USAGE = YES_ERROR;
				CLANG_WARN_DOCUMENTATION_COMMENTS = YES;
				CLANG_WARN_EMPTY_BODY = YES;
				CLANG_WARN_ENUM_CONVERSION = YES;
				CLANG_WARN_INFINITE_RECURSION = YES;
				CLANG_WARN_INT_CONVERSION = YES;
				CLANG_WARN_OBJC_ROOT_CLASS = YES_ERROR;
				CLANG_WARN_SUSPICIOUS_MOVES = YES;
				CLANG_WARN_UNREACHABLE_CODE = YES;
				CLANG_WARN__DUPLICATE_METHOD_MATCH = YES;
				"CODE_SIGN_IDENTITY[sdk=iphoneos*]" = "iPhone Developer";
				COPY_PHASE_STRIP = NO;
				DEBUG_INFORMATION_FORMAT = dwarf;
				ENABLE_STRICT_OBJC_MSGSEND = YES;
				ENABLE_TESTABILITY = YES;
				GCC_C_LANGUAGE_STANDARD = gnu99;
				GCC_DYNAMIC_NO_PIC = NO;
				GCC_NO_COMMON_BLOCKS = YES;
				GCC_OPTIMIZATION_LEVEL = 0;
				GCC_PREPROCESSOR_DEFINITIONS = (
					"DEBUG=1",
					"$(inherited)",
				);
				GCC_WARN_64_TO_32_BIT_CONVERSION = YES;
				GCC_WARN_ABOUT_RETURN_TYPE = YES_ERROR;
				GCC_WARN_UNDECLARED_SELECTOR = YES;
				GCC_WARN_UNINITIALIZED_AUTOS = YES_AGGRESSIVE;
				GCC_WARN_UNUSED_FUNCTION = YES;
				GCC_WARN_UNUSED_VARIABLE = YES;
				IPHONEOS_DEPLOYMENT_TARGET = 10.1;
				MTL_ENABLE_DEBUG_INFO = YES;
				ONLY_ACTIVE_ARCH = YES;
				SDKROOT = iphoneos;
				SWIFT_ACTIVE_COMPILATION_CONDITIONS = DEBUG;
				SWIFT_OPTIMIZATION_LEVEL = "-Onone";
				TARGETED_DEVICE_FAMILY = "1,2";
			};
			name = Debug;
		};
		2D28219E1DE65FFD00C35BA9 /* Release */ = {
			isa = XCBuildConfiguration;
			buildSettings = {
				ALWAYS_SEARCH_USER_PATHS = NO;
				CLANG_ANALYZER_NONNULL = YES;
				CLANG_CXX_LANGUAGE_STANDARD = "gnu++0x";
				CLANG_CXX_LIBRARY = "libc++";
				CLANG_ENABLE_MODULES = YES;
				CLANG_ENABLE_OBJC_ARC = YES;
				CLANG_WARN_BOOL_CONVERSION = YES;
				CLANG_WARN_CONSTANT_CONVERSION = YES;
				CLANG_WARN_DIRECT_OBJC_ISA_USAGE = YES_ERROR;
				CLANG_WARN_DOCUMENTATION_COMMENTS = YES;
				CLANG_WARN_EMPTY_BODY = YES;
				CLANG_WARN_ENUM_CONVERSION = YES;
				CLANG_WARN_INFINITE_RECURSION = YES;
				CLANG_WARN_INT_CONVERSION = YES;
				CLANG_WARN_OBJC_ROOT_CLASS = YES_ERROR;
				CLANG_WARN_SUSPICIOUS_MOVES = YES;
				CLANG_WARN_UNREACHABLE_CODE = YES;
				CLANG_WARN__DUPLICATE_METHOD_MATCH = YES;
				"CODE_SIGN_IDENTITY[sdk=iphoneos*]" = "iPhone Developer";
				COPY_PHASE_STRIP = NO;
				DEBUG_INFORMATION_FORMAT = "dwarf-with-dsym";
				ENABLE_NS_ASSERTIONS = NO;
				ENABLE_STRICT_OBJC_MSGSEND = YES;
				GCC_C_LANGUAGE_STANDARD = gnu99;
				GCC_NO_COMMON_BLOCKS = YES;
				GCC_WARN_64_TO_32_BIT_CONVERSION = YES;
				GCC_WARN_ABOUT_RETURN_TYPE = YES_ERROR;
				GCC_WARN_UNDECLARED_SELECTOR = YES;
				GCC_WARN_UNINITIALIZED_AUTOS = YES_AGGRESSIVE;
				GCC_WARN_UNUSED_FUNCTION = YES;
				GCC_WARN_UNUSED_VARIABLE = YES;
				IPHONEOS_DEPLOYMENT_TARGET = 10.1;
				MTL_ENABLE_DEBUG_INFO = NO;
				SDKROOT = iphoneos;
				SWIFT_OPTIMIZATION_LEVEL = "-Owholemodule";
				TARGETED_DEVICE_FAMILY = "1,2";
				VALIDATE_PRODUCT = YES;
			};
			name = Release;
		};
		2D2821A01DE65FFD00C35BA9 /* Debug */ = {
			isa = XCBuildConfiguration;
			buildSettings = {
				ASSETCATALOG_COMPILER_APPICON_NAME = AppIcon;
				DEVELOPMENT_TEAM = BAQHSM59S2;
				INFOPLIST_FILE = BoardingPass/Info.plist;
				LD_RUNPATH_SEARCH_PATHS = "$(inherited) @executable_path/Frameworks";
				PRODUCT_BUNDLE_IDENTIFIER = nyc.c4q.CristopherC.BoardingPass;
				PRODUCT_NAME = "$(TARGET_NAME)";
				SWIFT_VERSION = 3.0;
			};
			name = Debug;
		};
		2D2821A11DE65FFD00C35BA9 /* Release */ = {
			isa = XCBuildConfiguration;
			buildSettings = {
				ASSETCATALOG_COMPILER_APPICON_NAME = AppIcon;
				DEVELOPMENT_TEAM = BAQHSM59S2;
				INFOPLIST_FILE = BoardingPass/Info.plist;
				LD_RUNPATH_SEARCH_PATHS = "$(inherited) @executable_path/Frameworks";
				PRODUCT_BUNDLE_IDENTIFIER = nyc.c4q.CristopherC.BoardingPass;
				PRODUCT_NAME = "$(TARGET_NAME)";
				SWIFT_VERSION = 3.0;
			};
			name = Release;
		};
/* End XCBuildConfiguration section */

/* Begin XCConfigurationList section */
		2D2821881DE65FFD00C35BA9 /* Build configuration list for PBXProject "BoardingPass" */ = {
			isa = XCConfigurationList;
			buildConfigurations = (
				2D28219D1DE65FFD00C35BA9 /* Debug */,
				2D28219E1DE65FFD00C35BA9 /* Release */,
			);
			defaultConfigurationIsVisible = 0;
			defaultConfigurationName = Release;
		};
		2D28219F1DE65FFD00C35BA9 /* Build configuration list for PBXNativeTarget "BoardingPass" */ = {
			isa = XCConfigurationList;
			buildConfigurations = (
				2D2821A01DE65FFD00C35BA9 /* Debug */,
				2D2821A11DE65FFD00C35BA9 /* Release */,
			);
			defaultConfigurationIsVisible = 0;
		};
/* End XCConfigurationList section */
	};
	rootObject = 2D2821851DE65FFD00C35BA9 /* Project object */;
}
